# THIS IS AN AUTOGENERATED FILE. DO NOT EDIT THIS FILE DIRECTLY.
# yarn lockfile v1


"@stripe/stripe-js@^1.15.1":
  version "1.15.1"
  resolved "https://registry.yarnpkg.com/@stripe/stripe-js/-/stripe-js-1.15.1.tgz#a3809ecc5aa8a03bd261a2f970d11cfdcbf11c4f"
  integrity sha512-yJiDGutlwu25iajCy51VRJeoH3UMs+s5qVIDGfmPUuFpZ+F6AJ9g9EFrsBNvHxAGBahQFMLlBdzlCVydhGp6tg==

dequal@2.0.2:
  version "2.0.2"
  resolved "https://registry.yarnpkg.com/dequal/-/dequal-2.0.2.tgz#85ca22025e3a87e65ef75a7a437b35284a7e319d"
  integrity sha512-q9K8BlJVxK7hQYqa6XISGmBZbtQQWVXSrRrWreHC94rMt1QL/Impruc+7p2CYSYuVIUr+YCt6hjrs1kkdJRTug==

react-storage-hooks@^4.0.0:
  version "4.0.1"
  resolved "https://registry.yarnpkg.com/react-storage-hooks/-/react-storage-hooks-4.0.1.tgz#e30ed5cda48c77c431ecc02ec3824bd615f5b7fb"
  integrity sha512-fetDkT5RDHGruc2NrdD1iqqoLuXgbx6AUpQSQLLkrCiJf8i97EtwJNXNTy3+GRfsATLG8TZgNc9lGRZOaU5yQA==

swr@^0.5.6:
  version "0.5.6"
  resolved "https://registry.yarnpkg.com/swr/-/swr-0.5.6.tgz#70bfe9bc9d7ac49a064be4a0f4acf57982e55a31"
  integrity sha512-Bmx3L4geMZjYT5S2Z6EE6/5Cx6v1Ka0LhqZKq8d6WL2eu9y6gHWz3dUzfIK/ymZVHVfwT/EweFXiYGgfifei3w==
  dependencies:
    dequal "2.0.2"

use-shopping-cart@^2.4.3:
  version "2.4.3"
  resolved "https://registry.yarnpkg.com/use-shopping-cart/-/use-shopping-cart-2.4.3.tgz#c75ade8448bf3919e73b06b73c7a384715af90e9"
  integrity sha512-paVjQ6fayJ3ZXVCv7cYmhrxpQkWYJ3+YmdPowuKWkRRaJLcvT4TPBSqOdM/XW0vaHNdllZuoYyCfQ7UWmWKdiA==
  dependencies:
    react-storage-hooks "^4.0.0"
    uuid "^8.3.1"

uuid@^8.3.1:
  version "8.3.2"
  resolved "https://registry.yarnpkg.com/uuid/-/uuid-8.3.2.tgz#80d5b5ced271bb9af6c445f21a1a04c606cefbe2"
  integrity sha512-+NYs2QeMWy+GWFOEm9xnn6HCDp0l7QBD7ml8zLUmJ+93Q5NF0NocErnwkTkXVFNiX3/fpC6afS8Dhb/gz7R7eg==
